{
  "name": "animationtypescipt",
  "version": "1.0.0",
  "lockfileVersion": 1,
  "requires": true,
  "dependencies": {
    "@types/animejs": {
      "version": "3.1.7",
      "resolved": "https://registry.npmjs.org/@types/animejs/-/animejs-3.1.7.tgz",
      "integrity": "sha512-kFSyjM+fLo3oE9noWEtUvF82ttN8fTrKohiEMIrSzEzEjnsCmtO0rBCUQBlSPEb2w8vfN+v4/Zo0tK21Bgmq4g=="
    },
    "typescript": {
      "version": "5.0.4",
      "resolved": "https://registry.npmjs.org/typescript/-/typescript-5.0.4.tgz",
      "integrity": "sha512-cW9T5W9xY37cc+jfEnaUvX91foxtHkza3Nw3wkoF4sSlKn0MONdkdEndig/qPBWXNkmplh3NzayQzCiHM4/hqw=="
    }
  }
}
